
Microsoft Visual Studio Solution File, Format Version 12.00
# Visual Studio Version 17
VisualStudioVersion = 17.9.34728.123
MinimumVisualStudioVersion = 10.0.40219.1
Project("{FAE04EC0-301F-11D3-BF4B-00C04F79EFBC}") = "MMS", "MMS\MMS.csproj", "{07C574E4-37EC-40E6-ACC3-226419D3B19B}"
EndProject
Global
	GlobalSection(SolutionConfigurationPlatforms) = preSolution
		Debug|Any CPU = Debug|Any CPU
		Release|Any CPU = Release|Any CPU
	EndGlobalSection
	GlobalSection(ProjectConfigurationPlatforms) = postSolution
		{07C574E4-37EC-40E6-ACC3-226419D3B19B}.Debug|Any CPU.ActiveCfg = Debug|Any CPU
		{07C574E4-37EC-40E6-ACC3-226419D3B19B}.Debug|Any CPU.Build.0 = Debug|Any CPU
		{07C574E4-37EC-40E6-ACC3-226419D3B19B}.Release|Any CPU.ActiveCfg = Release|Any CPU
		{07C574E4-37EC-40E6-ACC3-226419D3B19B}.Release|Any CPU.Build.0 = Release|Any CPU
	EndGlobalSection
	GlobalSection(SolutionProperties) = preSolution
		HideSolutionNode = FALSE
	EndGlobalSection
	GlobalSection(ExtensibilityGlobals) = postSolution
		SolutionGuid = {D75BE687-22E9-45A1-9A13-23893B8E2D12}
	EndGlobalSection
EndGlobal
